uuid: 6a8e294e-00de-49f9-a6d5-4c85e6053b98
langcode: en
status: true
dependencies: {  }
_core:
  default_config_hash: 700UcZMAoqwXOP20vQ4DE5Yt7pnZ2niqBFBLHWOsTws
id: banner_block
label: 'Banner block'
revision: 0
description: "A banner block contains a title, summary, link to content and a background image. The background image is scaled to fill the browser's width."
